
Microsoft Visual Studio Solution File, Format Version 12.00
# Visual Studio 15
VisualStudioVersion = 15.0.27004.2009
MinimumVisualStudioVersion = 10.0.40219.1
Project("{FAE04EC0-301F-11D3-BF4B-00C04F79EFBC}") = "AuraWallpaperColors", "AuraWallpaperColors\AuraWallpaperColors.csproj", "{178EEBC2-AF87-4D28-B510-E465686A86A9}"
EndProject
Project("{9A19103F-16F7-4668-BE54-9A1E7A4F7556}") = "AuraSDK", "..\AuraSDK\AuraClient\AuraSDK.csproj", "{2FD950BC-47AE-4F5D-BDED-1267E57384D3}"
EndProject
Global
	GlobalSection(SolutionConfigurationPlatforms) = preSolution
		Debug|Any CPU = Debug|Any CPU
		Release|Any CPU = Release|Any CPU
	EndGlobalSection
	GlobalSection(ProjectConfigurationPlatforms) = postSolution
		{178EEBC2-AF87-4D28-B510-E465686A86A9}.Debug|Any CPU.ActiveCfg = Debug|Any CPU
		{178EEBC2-AF87-4D28-B510-E465686A86A9}.Debug|Any CPU.Build.0 = Debug|Any CPU
		{178EEBC2-AF87-4D28-B510-E465686A86A9}.Release|Any CPU.ActiveCfg = Release|Any CPU
		{178EEBC2-AF87-4D28-B510-E465686A86A9}.Release|Any CPU.Build.0 = Release|Any CPU
		{2FD950BC-47AE-4F5D-BDED-1267E57384D3}.Debug|Any CPU.ActiveCfg = Debug|Any CPU
		{2FD950BC-47AE-4F5D-BDED-1267E57384D3}.Debug|Any CPU.Build.0 = Debug|Any CPU
		{2FD950BC-47AE-4F5D-BDED-1267E57384D3}.Release|Any CPU.ActiveCfg = Release|Any CPU
		{2FD950BC-47AE-4F5D-BDED-1267E57384D3}.Release|Any CPU.Build.0 = Release|Any CPU
	EndGlobalSection
	GlobalSection(SolutionProperties) = preSolution
		HideSolutionNode = FALSE
	EndGlobalSection
	GlobalSection(ExtensibilityGlobals) = postSolution
		SolutionGuid = {551AD8F8-82E9-46C4-967C-A9D943D63463}
	EndGlobalSection
EndGlobal
